
Microsoft Visual Studio Solution File, Format Version 12.00
# Visual Studio 15
VisualStudioVersion = 15.0.28307.106
MinimumVisualStudioVersion = 10.0.40219.1
Project("{FAE04EC0-301F-11D3-BF4B-00C04F79EFBC}") = "ConsoleApp5", "ConsoleApp5\ConsoleApp5.csproj", "{EBE1AF39-8A1D-498C-85EB-651EF0DC4EC8}"
EndProject
Global
	GlobalSection(SolutionConfigurationPlatforms) = preSolution
		Debug|Any CPU = Debug|Any CPU
		Release|Any CPU = Release|Any CPU
	EndGlobalSection
	GlobalSection(ProjectConfigurationPlatforms) = postSolution
		{EBE1AF39-8A1D-498C-85EB-651EF0DC4EC8}.Debug|Any CPU.ActiveCfg = Debug|Any CPU
		{EBE1AF39-8A1D-498C-85EB-651EF0DC4EC8}.Debug|Any CPU.Build.0 = Debug|Any CPU
		{EBE1AF39-8A1D-498C-85EB-651EF0DC4EC8}.Release|Any CPU.ActiveCfg = Release|Any CPU
		{EBE1AF39-8A1D-498C-85EB-651EF0DC4EC8}.Release|Any CPU.Build.0 = Release|Any CPU
	EndGlobalSection
	GlobalSection(SolutionProperties) = preSolution
		HideSolutionNode = FALSE
	EndGlobalSection
	GlobalSection(ExtensibilityGlobals) = postSolution
		SolutionGuid = {E0FDE2E7-3119-4675-BA82-125EC689C34A}
	EndGlobalSection
EndGlobal
